
Microsoft Visual Studio Solution File, Format Version 12.00
# Visual Studio Version 16
VisualStudioVersion = 16.0.30804.86
MinimumVisualStudioVersion = 10.0.40219.1
Project("{9A19103F-16F7-4668-BE54-9A1E7A4F7556}") = "PixelartCreator.Domain", "PixelartCreator.Domain\PixelartCreator.Domain.csproj", "{9E0F3C25-F7D9-4704-B9E0-CC8B5DF43C0F}"
EndProject
Project("{9A19103F-16F7-4668-BE54-9A1E7A4F7556}") = "PixelartCreator.Infrastructure", "PixelartCreator.Infrastructure\PixelartCreator.Infrastructure.csproj", "{98846036-23DC-41CA-B1B7-32FAE05550A6}"
EndProject
Project("{9A19103F-16F7-4668-BE54-9A1E7A4F7556}") = "PixelartCreator.Business", "PixelartCreator.Business\PixelartCreator.Business.csproj", "{46C96895-6994-4358-ACFE-B3CA8F7DC2E4}"
EndProject
Project("{9A19103F-16F7-4668-BE54-9A1E7A4F7556}") = "PixelartCreator.Presentation", "PixelartCreator.Presentation\PixelartCreator.Presentation.csproj", "{805A7264-6BEA-440B-A339-4951FE0AEC79}"
EndProject
Project("{2150E333-8FDC-42A3-9474-1A3956D46DE8}") = "tests", "tests", "{020203EB-08C9-4298-BFBD-A332D2FEAAFC}"
EndProject
Project("{2150E333-8FDC-42A3-9474-1A3956D46DE8}") = "src", "src", "{C9F84382-8710-4895-B698-F45E3F1C95AF}"
EndProject
Project("{9A19103F-16F7-4668-BE54-9A1E7A4F7556}") = "PixelartCreator.Domain.Tests", "PixelartCreator.Domain.Tests\PixelartCreator.Domain.Tests.csproj", "{22149F5F-061F-472B-BF30-B66AE4C1496D}"
EndProject
Project("{9A19103F-16F7-4668-BE54-9A1E7A4F7556}") = "PixelartCreator.Business.Tests", "PixelartCreator.Business.Tests\PixelartCreator.Business.Tests.csproj", "{1BC4B6B6-C6CA-47EE-B535-461AB58F7032}"
EndProject
Project("{FAE04EC0-301F-11D3-BF4B-00C04F79EFBC}") = "PixelartCreator.Integration.Tests", "PixelartCreator.Integration.Tests\PixelartCreator.Integration.Tests.csproj", "{BB7DF82B-55D5-448E-88D7-A71082F2E781}"
EndProject
Global
	GlobalSection(SolutionConfigurationPlatforms) = preSolution
		Debug|Any CPU = Debug|Any CPU
		Release|Any CPU = Release|Any CPU
	EndGlobalSection
	GlobalSection(ProjectConfigurationPlatforms) = postSolution
		{9E0F3C25-F7D9-4704-B9E0-CC8B5DF43C0F}.Debug|Any CPU.ActiveCfg = Debug|Any CPU
		{9E0F3C25-F7D9-4704-B9E0-CC8B5DF43C0F}.Debug|Any CPU.Build.0 = Debug|Any CPU
		{9E0F3C25-F7D9-4704-B9E0-CC8B5DF43C0F}.Release|Any CPU.ActiveCfg = Release|Any CPU
		{9E0F3C25-F7D9-4704-B9E0-CC8B5DF43C0F}.Release|Any CPU.Build.0 = Release|Any CPU
		{98846036-23DC-41CA-B1B7-32FAE05550A6}.Debug|Any CPU.ActiveCfg = Debug|Any CPU
		{98846036-23DC-41CA-B1B7-32FAE05550A6}.Debug|Any CPU.Build.0 = Debug|Any CPU
		{98846036-23DC-41CA-B1B7-32FAE05550A6}.Release|Any CPU.ActiveCfg = Release|Any CPU
		{98846036-23DC-41CA-B1B7-32FAE05550A6}.Release|Any CPU.Build.0 = Release|Any CPU
		{46C96895-6994-4358-ACFE-B3CA8F7DC2E4}.Debug|Any CPU.ActiveCfg = Debug|Any CPU
		{46C96895-6994-4358-ACFE-B3CA8F7DC2E4}.Debug|Any CPU.Build.0 = Debug|Any CPU
		{46C96895-6994-4358-ACFE-B3CA8F7DC2E4}.Release|Any CPU.ActiveCfg = Release|Any CPU
		{46C96895-6994-4358-ACFE-B3CA8F7DC2E4}.Release|Any CPU.Build.0 = Release|Any CPU
		{805A7264-6BEA-440B-A339-4951FE0AEC79}.Debug|Any CPU.ActiveCfg = Debug|Any CPU
		{805A7264-6BEA-440B-A339-4951FE0AEC79}.Debug|Any CPU.Build.0 = Debug|Any CPU
		{805A7264-6BEA-440B-A339-4951FE0AEC79}.Release|Any CPU.ActiveCfg = Release|Any CPU
		{805A7264-6BEA-440B-A339-4951FE0AEC79}.Release|Any CPU.Build.0 = Release|Any CPU
		{22149F5F-061F-472B-BF30-B66AE4C1496D}.Debug|Any CPU.ActiveCfg = Debug|Any CPU
		{22149F5F-061F-472B-BF30-B66AE4C1496D}.Debug|Any CPU.Build.0 = Debug|Any CPU
		{22149F5F-061F-472B-BF30-B66AE4C1496D}.Release|Any CPU.ActiveCfg = Release|Any CPU
		{22149F5F-061F-472B-BF30-B66AE4C1496D}.Release|Any CPU.Build.0 = Release|Any CPU
		{1BC4B6B6-C6CA-47EE-B535-461AB58F7032}.Debug|Any CPU.ActiveCfg = Debug|Any CPU
		{1BC4B6B6-C6CA-47EE-B535-461AB58F7032}.Debug|Any CPU.Build.0 = Debug|Any CPU
		{1BC4B6B6-C6CA-47EE-B535-461AB58F7032}.Release|Any CPU.ActiveCfg = Release|Any CPU
		{1BC4B6B6-C6CA-47EE-B535-461AB58F7032}.Release|Any CPU.Build.0 = Release|Any CPU
		{BB7DF82B-55D5-448E-88D7-A71082F2E781}.Debug|Any CPU.ActiveCfg = Debug|Any CPU
		{BB7DF82B-55D5-448E-88D7-A71082F2E781}.Debug|Any CPU.Build.0 = Debug|Any CPU
		{BB7DF82B-55D5-448E-88D7-A71082F2E781}.Release|Any CPU.ActiveCfg = Release|Any CPU
		{BB7DF82B-55D5-448E-88D7-A71082F2E781}.Release|Any CPU.Build.0 = Release|Any CPU
	EndGlobalSection
	GlobalSection(SolutionProperties) = preSolution
		HideSolutionNode = FALSE
	EndGlobalSection
	GlobalSection(NestedProjects) = preSolution
		{9E0F3C25-F7D9-4704-B9E0-CC8B5DF43C0F} = {C9F84382-8710-4895-B698-F45E3F1C95AF}
		{98846036-23DC-41CA-B1B7-32FAE05550A6} = {C9F84382-8710-4895-B698-F45E3F1C95AF}
		{46C96895-6994-4358-ACFE-B3CA8F7DC2E4} = {C9F84382-8710-4895-B698-F45E3F1C95AF}
		{805A7264-6BEA-440B-A339-4951FE0AEC79} = {C9F84382-8710-4895-B698-F45E3F1C95AF}
		{22149F5F-061F-472B-BF30-B66AE4C1496D} = {020203EB-08C9-4298-BFBD-A332D2FEAAFC}
		{1BC4B6B6-C6CA-47EE-B535-461AB58F7032} = {020203EB-08C9-4298-BFBD-A332D2FEAAFC}
		{BB7DF82B-55D5-448E-88D7-A71082F2E781} = {020203EB-08C9-4298-BFBD-A332D2FEAAFC}
	EndGlobalSection
	GlobalSection(ExtensibilityGlobals) = postSolution
		SolutionGuid = {7E6F62EE-D804-4D1D-8EAC-408A28EEC38E}
	EndGlobalSection
EndGlobal
