
Microsoft Visual Studio Solution File, Format Version 12.00
# Visual Studio Version 16
VisualStudioVersion = 16.0.30804.86
MinimumVisualStudioVersion = 10.0.40219.1
Project("{9A19103F-16F7-4668-BE54-9A1E7A4F7556}") = "PixelartCreator.Domain", "PixelartCreator.Domain\PixelartCreator.Domain.csproj", "{9E0F3C25-F7D9-4704-B9E0-CC8B5DF43C0F}"
EndProject
Project("{9A19103F-16F7-4668-BE54-9A1E7A4F7556}") = "PixelartCreator.Infrastructure", "PixelartCreator.Infrastructure\PixelartCreator.Infrastructure.csproj", "{98846036-23DC-41CA-B1B7-32FAE05550A6}"
EndProject
Project("{9A19103F-16F7-4668-BE54-9A1E7A4F7556}") = "PixelartCreator.Business", "PixelartCreator.Business\PixelartCreator.Business.csproj", "{46C96895-6994-4358-ACFE-B3CA8F7DC2E4}"
EndProject
Project("{FAE04EC0-301F-11D3-BF4B-00C04F79EFBC}") = "PixelartCreator.Presentation", "PixelartCreator.Presentation\PixelartCreator.Presentation.csproj", "{805A7264-6BEA-440B-A339-4951FE0AEC79}"
EndProject
Global
	GlobalSection(SolutionConfigurationPlatforms) = preSolution
		Debug|Any CPU = Debug|Any CPU
		Release|Any CPU = Release|Any CPU
	EndGlobalSection
	GlobalSection(ProjectConfigurationPlatforms) = postSolution
		{9E0F3C25-F7D9-4704-B9E0-CC8B5DF43C0F}.Debug|Any CPU.ActiveCfg = Debug|Any CPU
		{9E0F3C25-F7D9-4704-B9E0-CC8B5DF43C0F}.Debug|Any CPU.Build.0 = Debug|Any CPU
		{9E0F3C25-F7D9-4704-B9E0-CC8B5DF43C0F}.Release|Any CPU.ActiveCfg = Release|Any CPU
		{9E0F3C25-F7D9-4704-B9E0-CC8B5DF43C0F}.Release|Any CPU.Build.0 = Release|Any CPU
		{98846036-23DC-41CA-B1B7-32FAE05550A6}.Debug|Any CPU.ActiveCfg = Debug|Any CPU
		{98846036-23DC-41CA-B1B7-32FAE05550A6}.Debug|Any CPU.Build.0 = Debug|Any CPU
		{98846036-23DC-41CA-B1B7-32FAE05550A6}.Release|Any CPU.ActiveCfg = Release|Any CPU
		{98846036-23DC-41CA-B1B7-32FAE05550A6}.Release|Any CPU.Build.0 = Release|Any CPU
		{46C96895-6994-4358-ACFE-B3CA8F7DC2E4}.Debug|Any CPU.ActiveCfg = Debug|Any CPU
		{46C96895-6994-4358-ACFE-B3CA8F7DC2E4}.Debug|Any CPU.Build.0 = Debug|Any CPU
		{46C96895-6994-4358-ACFE-B3CA8F7DC2E4}.Release|Any CPU.ActiveCfg = Release|Any CPU
		{46C96895-6994-4358-ACFE-B3CA8F7DC2E4}.Release|Any CPU.Build.0 = Release|Any CPU
		{805A7264-6BEA-440B-A339-4951FE0AEC79}.Debug|Any CPU.ActiveCfg = Debug|Any CPU
		{805A7264-6BEA-440B-A339-4951FE0AEC79}.Debug|Any CPU.Build.0 = Debug|Any CPU
		{805A7264-6BEA-440B-A339-4951FE0AEC79}.Release|Any CPU.ActiveCfg = Release|Any CPU
		{805A7264-6BEA-440B-A339-4951FE0AEC79}.Release|Any CPU.Build.0 = Release|Any CPU
	EndGlobalSection
	GlobalSection(SolutionProperties) = preSolution
		HideSolutionNode = FALSE
	EndGlobalSection
	GlobalSection(ExtensibilityGlobals) = postSolution
		SolutionGuid = {7E6F62EE-D804-4D1D-8EAC-408A28EEC38E}
	EndGlobalSection
EndGlobal
